
Microsoft Visual Studio Solution File, Format Version 12.00
# Visual Studio Version 17
VisualStudioVersion = 17.11.35312.102
MinimumVisualStudioVersion = 10.0.40219.1
Project("{9A19103F-16F7-4668-BE54-9A1E7A4F7556}") = "Homework20-EFcore", "Homework19-EFcore\Homework20-EFcore.csproj", "{CF861BA8-1EAD-4DC2-9865-009B276B1A19}"
EndProject
Project("{9A19103F-16F7-4668-BE54-9A1E7A4F7556}") = "Data", "Homework19-EFcore.Data\Data.csproj", "{CAEE740B-33FA-46D9-B134-7106F79A2C9D}"
EndProject
Project("{9A19103F-16F7-4668-BE54-9A1E7A4F7556}") = "model", "Homework19-EFcore.Domain\model.csproj", "{FE42A92D-348B-49D8-A1A8-369F2D2629A7}"
EndProject
Global
	GlobalSection(SolutionConfigurationPlatforms) = preSolution
		Debug|Any CPU = Debug|Any CPU
		Release|Any CPU = Release|Any CPU
	EndGlobalSection
	GlobalSection(ProjectConfigurationPlatforms) = postSolution
		{CF861BA8-1EAD-4DC2-9865-009B276B1A19}.Debug|Any CPU.ActiveCfg = Debug|Any CPU
		{CF861BA8-1EAD-4DC2-9865-009B276B1A19}.Debug|Any CPU.Build.0 = Debug|Any CPU
		{CF861BA8-1EAD-4DC2-9865-009B276B1A19}.Release|Any CPU.ActiveCfg = Release|Any CPU
		{CF861BA8-1EAD-4DC2-9865-009B276B1A19}.Release|Any CPU.Build.0 = Release|Any CPU
		{CAEE740B-33FA-46D9-B134-7106F79A2C9D}.Debug|Any CPU.ActiveCfg = Debug|Any CPU
		{CAEE740B-33FA-46D9-B134-7106F79A2C9D}.Debug|Any CPU.Build.0 = Debug|Any CPU
		{CAEE740B-33FA-46D9-B134-7106F79A2C9D}.Release|Any CPU.ActiveCfg = Release|Any CPU
		{CAEE740B-33FA-46D9-B134-7106F79A2C9D}.Release|Any CPU.Build.0 = Release|Any CPU
		{FE42A92D-348B-49D8-A1A8-369F2D2629A7}.Debug|Any CPU.ActiveCfg = Debug|Any CPU
		{FE42A92D-348B-49D8-A1A8-369F2D2629A7}.Debug|Any CPU.Build.0 = Debug|Any CPU
		{FE42A92D-348B-49D8-A1A8-369F2D2629A7}.Release|Any CPU.ActiveCfg = Release|Any CPU
		{FE42A92D-348B-49D8-A1A8-369F2D2629A7}.Release|Any CPU.Build.0 = Release|Any CPU
	EndGlobalSection
	GlobalSection(SolutionProperties) = preSolution
		HideSolutionNode = FALSE
	EndGlobalSection
	GlobalSection(ExtensibilityGlobals) = postSolution
		SolutionGuid = {5DC42C52-5294-41F9-8771-ADB064A676B0}
	EndGlobalSection
EndGlobal
